{
  "pins" : [
    {
      "identity" : "collectioncomposer",
      "kind" : "remoteSourceControl",
      "location" : "https://github.com/0x0c/CollectionComposer.git",
      "state" : {
        "branch" : "main",
        "revision" : "42e28755f6d09aded75d853deb812bc1d0c66f8d"
      }
    },
    {
      "identity" : "collectioncomposerviperextension",
      "kind" : "remoteSourceControl",
      "location" : "https://github.com/0x0c/CollectionComposerVIPERExtension",
      "state" : {
        "branch" : "main",
        "revision" : "a03af8ed02bf0a8dcdf7cfbd9d018dba5fdef947"
      }
    }
  ],
  "version" : 2
}
