{
  "pins" : [
    {
      "identity" : "collectioncomposer",
      "kind" : "remoteSourceControl",
      "location" : "https://github.com/0x0c/CollectionComposer.git",
      "state" : {
        "revision" : "032948a0d12fb487ca9c1620ab2bf73e8f912d43",
        "version" : "1.2.0"
      }
    },
    {
      "identity" : "collectioncomposerviperextension",
      "kind" : "remoteSourceControl",
      "location" : "https://github.com/0x0c/CollectionComposerVIPERExtension",
      "state" : {
        "branch" : "main",
        "revision" : "133cfc926aacf5465225169dd67b7fe377a4fc27"
      }
    }
  ],
  "version" : 2
}
